
Microsoft Visual Studio Solution File, Format Version 12.00
# Visual Studio 15
VisualStudioVersion = 15.0.28307.271
MinimumVisualStudioVersion = 10.0.40219.1
Project("{FAE04EC0-301F-11D3-BF4B-00C04F79EFBC}") = "Graph", "Graph\Graph.csproj", "{EF1E7EE2-062A-4F17-8565-83F114A68142}"
EndProject
Global
	GlobalSection(SolutionConfigurationPlatforms) = preSolution
		Debug|Any CPU = Debug|Any CPU
		Release|Any CPU = Release|Any CPU
	EndGlobalSection
	GlobalSection(ProjectConfigurationPlatforms) = postSolution
		{EF1E7EE2-062A-4F17-8565-83F114A68142}.Debug|Any CPU.ActiveCfg = Debug|Any CPU
		{EF1E7EE2-062A-4F17-8565-83F114A68142}.Debug|Any CPU.Build.0 = Debug|Any CPU
		{EF1E7EE2-062A-4F17-8565-83F114A68142}.Release|Any CPU.ActiveCfg = Release|Any CPU
		{EF1E7EE2-062A-4F17-8565-83F114A68142}.Release|Any CPU.Build.0 = Release|Any CPU
	EndGlobalSection
	GlobalSection(SolutionProperties) = preSolution
		HideSolutionNode = FALSE
	EndGlobalSection
	GlobalSection(ExtensibilityGlobals) = postSolution
		SolutionGuid = {4C3B1C18-6752-4C7A-8EA8-E7201FFD0199}
	EndGlobalSection
EndGlobal
